
Microsoft Visual Studio Solution File, Format Version 12.00
# Visual Studio Version 17
VisualStudioVersion = 17.2.32519.379
MinimumVisualStudioVersion = 10.0.40219.1
Project("{FAE04EC0-301F-11D3-BF4B-00C04F79EFBC}") = "BasicAPI", "BasicAPI\BasicAPI.csproj", "{C9053DED-62F6-47EB-94DB-68FBBC613532}"
EndProject
Global
	GlobalSection(SolutionConfigurationPlatforms) = preSolution
		Debug|Any CPU = Debug|Any CPU
		Release|Any CPU = Release|Any CPU
	EndGlobalSection
	GlobalSection(ProjectConfigurationPlatforms) = postSolution
		{C9053DED-62F6-47EB-94DB-68FBBC613532}.Debug|Any CPU.ActiveCfg = Debug|Any CPU
		{C9053DED-62F6-47EB-94DB-68FBBC613532}.Debug|Any CPU.Build.0 = Debug|Any CPU
		{C9053DED-62F6-47EB-94DB-68FBBC613532}.Release|Any CPU.ActiveCfg = Release|Any CPU
		{C9053DED-62F6-47EB-94DB-68FBBC613532}.Release|Any CPU.Build.0 = Release|Any CPU
	EndGlobalSection
	GlobalSection(SolutionProperties) = preSolution
		HideSolutionNode = FALSE
	EndGlobalSection
	GlobalSection(ExtensibilityGlobals) = postSolution
		SolutionGuid = {E549CB04-2CF2-4AE5-899F-C652685CA486}
	EndGlobalSection
EndGlobal
